
Microsoft Visual Studio Solution File, Format Version 12.00
# Visual Studio Version 17
VisualStudioVersion = 17.13.35931.197 d17.13
MinimumVisualStudioVersion = 10.0.40219.1
Project("{FAE04EC0-301F-11D3-BF4B-00C04F79EFBC}") = "WebApiApp01", "WebApiApp01\WebApiApp01.csproj", "{2080628F-DD3F-481F-8931-82C7B687B83C}"
EndProject
Project("{FAE04EC0-301F-11D3-BF4B-00C04F79EFBC}") = "WebApiApp02", "WebApiApp02\WebApiApp02.csproj", "{846D1F83-B4C4-410A-B1E2-B838CE7A9EA4}"
EndProject
Project("{FAE04EC0-301F-11D3-BF4B-00C04F79EFBC}") = "WebApiApp03", "WebApiApp03\WebApiApp03.csproj", "{8DA45355-1BF7-4C19-9661-97CF11B7B816}"
EndProject
Global
	GlobalSection(SolutionConfigurationPlatforms) = preSolution
		Debug|Any CPU = Debug|Any CPU
		Release|Any CPU = Release|Any CPU
	EndGlobalSection
	GlobalSection(ProjectConfigurationPlatforms) = postSolution
		{2080628F-DD3F-481F-8931-82C7B687B83C}.Debug|Any CPU.ActiveCfg = Debug|Any CPU
		{2080628F-DD3F-481F-8931-82C7B687B83C}.Debug|Any CPU.Build.0 = Debug|Any CPU
		{2080628F-DD3F-481F-8931-82C7B687B83C}.Release|Any CPU.ActiveCfg = Release|Any CPU
		{2080628F-DD3F-481F-8931-82C7B687B83C}.Release|Any CPU.Build.0 = Release|Any CPU
		{846D1F83-B4C4-410A-B1E2-B838CE7A9EA4}.Debug|Any CPU.ActiveCfg = Debug|Any CPU
		{846D1F83-B4C4-410A-B1E2-B838CE7A9EA4}.Debug|Any CPU.Build.0 = Debug|Any CPU
		{846D1F83-B4C4-410A-B1E2-B838CE7A9EA4}.Release|Any CPU.ActiveCfg = Release|Any CPU
		{846D1F83-B4C4-410A-B1E2-B838CE7A9EA4}.Release|Any CPU.Build.0 = Release|Any CPU
		{8DA45355-1BF7-4C19-9661-97CF11B7B816}.Debug|Any CPU.ActiveCfg = Debug|Any CPU
		{8DA45355-1BF7-4C19-9661-97CF11B7B816}.Debug|Any CPU.Build.0 = Debug|Any CPU
		{8DA45355-1BF7-4C19-9661-97CF11B7B816}.Release|Any CPU.ActiveCfg = Release|Any CPU
		{8DA45355-1BF7-4C19-9661-97CF11B7B816}.Release|Any CPU.Build.0 = Release|Any CPU
	EndGlobalSection
	GlobalSection(SolutionProperties) = preSolution
		HideSolutionNode = FALSE
	EndGlobalSection
	GlobalSection(ExtensibilityGlobals) = postSolution
		SolutionGuid = {56B880F9-3840-4A02-BEC5-42F1DBA679BE}
	EndGlobalSection
EndGlobal
